// !$*UTF8*$!
{
	archiveVersion = 1;
	classes = {
	};
	objectVersion = 50;
	objects = {

/* Begin PBXBuildFile section */
		D7029C752696928400E73EFE /* AppDelegate.swift in Sources */ = {isa = PBXBuildFile; fileRef = D7029C742696928400E73EFE /* AppDelegate.swift */; };
		D7029C772696928400E73EFE /* SceneDelegate.swift in Sources */ = {isa = PBXBuildFile; fileRef = D7029C762696928400E73EFE /* SceneDelegate.swift */; };
		D7029C7E2696928B00E73EFE /* Assets.xcassets in Resources */ = {isa = PBXBuildFile; fileRef = D7029C7D2696928B00E73EFE /* Assets.xcassets */; };
		D7029C812696928B00E73EFE /* LaunchScreen.storyboard in Resources */ = {isa = PBXBuildFile; fileRef = D7029C7F2696928B00E73EFE /* LaunchScreen.storyboard */; };
		D712FE28269AA607004E9CE3 /* InfoViewController.swift in Sources */ = {isa = PBXBuildFile; fileRef = D712FE27269AA607004E9CE3 /* InfoViewController.swift */; };
		D712FE2B269AB45F004E9CE3 /* NetworkManager.swift in Sources */ = {isa = PBXBuildFile; fileRef = D712FE2A269AB45F004E9CE3 /* NetworkManager.swift */; };
		D712FE2D269ABC1C004E9CE3 /* NetworkError.swift in Sources */ = {isa = PBXBuildFile; fileRef = D712FE2C269ABC1C004E9CE3 /* NetworkError.swift */; };
		D729986E2698006B00500111 /* MainTableViewController.swift in Sources */ = {isa = PBXBuildFile; fileRef = D729986D2698006B00500111 /* MainTableViewController.swift */; };
		D72998712698013400500111 /* Constants.swift in Sources */ = {isa = PBXBuildFile; fileRef = D72998702698013400500111 /* Constants.swift */; };
		D72998732698019700500111 /* HZ.swift in Sources */ = {isa = PBXBuildFile; fileRef = D72998722698019700500111 /* HZ.swift */; };
		D7299875269801C500500111 /* Picture.swift in Sources */ = {isa = PBXBuildFile; fileRef = D7299874269801C500500111 /* Picture.swift */; };
		D7299877269801D700500111 /* Variant.swift in Sources */ = {isa = PBXBuildFile; fileRef = D7299876269801D700500111 /* Variant.swift */; };
		D72998792698021000500111 /* Selector.swift in Sources */ = {isa = PBXBuildFile; fileRef = D72998782698021000500111 /* Selector.swift */; };
		D729987B2698024900500111 /* DataItem.swift in Sources */ = {isa = PBXBuildFile; fileRef = D729987A2698024900500111 /* DataItem.swift */; };
		D729987D2698026800500111 /* JsonData.swift in Sources */ = {isa = PBXBuildFile; fileRef = D729987C2698026800500111 /* JsonData.swift */; };
		D729987F269814CB00500111 /* ParentCell.swift in Sources */ = {isa = PBXBuildFile; fileRef = D729987E269814CB00500111 /* ParentCell.swift */; };
		D7299881269815CC00500111 /* TextCell.swift in Sources */ = {isa = PBXBuildFile; fileRef = D7299880269815CB00500111 /* TextCell.swift */; };
		D7299883269819CC00500111 /* PictureCell.swift in Sources */ = {isa = PBXBuildFile; fileRef = D7299882269819CC00500111 /* PictureCell.swift */; };
		D729988526981AC000500111 /* SelectorCell.swift in Sources */ = {isa = PBXBuildFile; fileRef = D729988426981AC000500111 /* SelectorCell.swift */; };
		D729988726981FCA00500111 /* JsonDataType.swift in Sources */ = {isa = PBXBuildFile; fileRef = D729988626981FCA00500111 /* JsonDataType.swift */; };
		D729988926982F3C00500111 /* Extensions.swift in Sources */ = {isa = PBXBuildFile; fileRef = D729988826982F3C00500111 /* Extensions.swift */; };
		D7DFDC97269BF01D00CE7FA2 /* PresenterManager.swift in Sources */ = {isa = PBXBuildFile; fileRef = D7DFDC96269BF01D00CE7FA2 /* PresenterManager.swift */; };
		D7DFDC99269BF74700CE7FA2 /* Pryanik.swift in Sources */ = {isa = PBXBuildFile; fileRef = D7DFDC98269BF74700CE7FA2 /* Pryanik.swift */; };
		D7DFDC9B269BFFC600CE7FA2 /* RuntimeError.swift in Sources */ = {isa = PBXBuildFile; fileRef = D7DFDC9A269BFFC600CE7FA2 /* RuntimeError.swift */; };
/* End PBXBuildFile section */

/* Begin PBXFileReference section */
		D7029C712696928400E73EFE /* Pryaniky.app */ = {isa = PBXFileReference; explicitFileType = wrapper.application; includeInIndex = 0; path = Pryaniky.app; sourceTree = BUILT_PRODUCTS_DIR; };
		D7029C742696928400E73EFE /* AppDelegate.swift */ = {isa = PBXFileReference; lastKnownFileType = sourcecode.swift; path = AppDelegate.swift; sourceTree = "<group>"; };
		D7029C762696928400E73EFE /* SceneDelegate.swift */ = {isa = PBXFileReference; lastKnownFileType = sourcecode.swift; path = SceneDelegate.swift; sourceTree = "<group>"; };
		D7029C7D2696928B00E73EFE /* Assets.xcassets */ = {isa = PBXFileReference; lastKnownFileType = folder.assetcatalog; path = Assets.xcassets; sourceTree = "<group>"; };
		D7029C802696928B00E73EFE /* Base */ = {isa = PBXFileReference; lastKnownFileType = file.storyboard; name = Base; path = Base.lproj/LaunchScreen.storyboard; sourceTree = "<group>"; };
		D7029C822696928B00E73EFE /* Info.plist */ = {isa = PBXFileReference; lastKnownFileType = text.plist.xml; path = Info.plist; sourceTree = "<group>"; };
		D712FE27269AA607004E9CE3 /* InfoViewController.swift */ = {isa = PBXFileReference; lastKnownFileType = sourcecode.swift; path = InfoViewController.swift; sourceTree = "<group>"; };
		D712FE2A269AB45F004E9CE3 /* NetworkManager.swift */ = {isa = PBXFileReference; lastKnownFileType = sourcecode.swift; path = NetworkManager.swift; sourceTree = "<group>"; };
		D712FE2C269ABC1C004E9CE3 /* NetworkError.swift */ = {isa = PBXFileReference; lastKnownFileType = sourcecode.swift; path = NetworkError.swift; sourceTree = "<group>"; };
		D729986D2698006B00500111 /* MainTableViewController.swift */ = {isa = PBXFileReference; lastKnownFileType = sourcecode.swift; path = MainTableViewController.swift; sourceTree = "<group>"; };
		D72998702698013400500111 /* Constants.swift */ = {isa = PBXFileReference; lastKnownFileType = sourcecode.swift; path = Constants.swift; sourceTree = "<group>"; };
		D72998722698019700500111 /* HZ.swift */ = {isa = PBXFileReference; lastKnownFileType = sourcecode.swift; path = HZ.swift; sourceTree = "<group>"; };
		D7299874269801C500500111 /* Picture.swift */ = {isa = PBXFileReference; lastKnownFileType = sourcecode.swift; path = Picture.swift; sourceTree = "<group>"; };
		D7299876269801D700500111 /* Variant.swift */ = {isa = PBXFileReference; lastKnownFileType = sourcecode.swift; path = Variant.swift; sourceTree = "<group>"; };
		D72998782698021000500111 /* Selector.swift */ = {isa = PBXFileReference; lastKnownFileType = sourcecode.swift; path = Selector.swift; sourceTree = "<group>"; };
		D729987A2698024900500111 /* DataItem.swift */ = {isa = PBXFileReference; lastKnownFileType = sourcecode.swift; path = DataItem.swift; sourceTree = "<group>"; };
		D729987C2698026800500111 /* JsonData.swift */ = {isa = PBXFileReference; lastKnownFileType = sourcecode.swift; path = JsonData.swift; sourceTree = "<group>"; };
		D729987E269814CB00500111 /* ParentCell.swift */ = {isa = PBXFileReference; lastKnownFileType = sourcecode.swift; path = ParentCell.swift; sourceTree = "<group>"; };
		D7299880269815CB00500111 /* TextCell.swift */ = {isa = PBXFileReference; lastKnownFileType = sourcecode.swift; path = TextCell.swift; sourceTree = "<group>"; };
		D7299882269819CC00500111 /* PictureCell.swift */ = {isa = PBXFileReference; lastKnownFileType = sourcecode.swift; path = PictureCell.swift; sourceTree = "<group>"; };
		D729988426981AC000500111 /* SelectorCell.swift */ = {isa = PBXFileReference; lastKnownFileType = sourcecode.swift; path = SelectorCell.swift; sourceTree = "<group>"; };
		D729988626981FCA00500111 /* JsonDataType.swift */ = {isa = PBXFileReference; lastKnownFileType = sourcecode.swift; path = JsonDataType.swift; sourceTree = "<group>"; };
		D729988826982F3C00500111 /* Extensions.swift */ = {isa = PBXFileReference; lastKnownFileType = sourcecode.swift; path = Extensions.swift; sourceTree = "<group>"; };
		D7DFDC96269BF01D00CE7FA2 /* PresenterManager.swift */ = {isa = PBXFileReference; lastKnownFileType = sourcecode.swift; path = PresenterManager.swift; sourceTree = "<group>"; };
		D7DFDC98269BF74700CE7FA2 /* Pryanik.swift */ = {isa = PBXFileReference; lastKnownFileType = sourcecode.swift; path = Pryanik.swift; sourceTree = "<group>"; };
		D7DFDC9A269BFFC600CE7FA2 /* RuntimeError.swift */ = {isa = PBXFileReference; lastKnownFileType = sourcecode.swift; path = RuntimeError.swift; sourceTree = "<group>"; };
/* End PBXFileReference section */

/* Begin PBXFrameworksBuildPhase section */
		D7029C6E2696928400E73EFE /* Frameworks */ = {
			isa = PBXFrameworksBuildPhase;
			buildActionMask = 2147483647;
			files = (
			);
			runOnlyForDeploymentPostprocessing = 0;
		};
/* End PBXFrameworksBuildPhase section */

/* Begin PBXGroup section */
		D7029C682696928400E73EFE = {
			isa = PBXGroup;
			children = (
				D7029C732696928400E73EFE /* Pryaniky */,
				D7029C722696928400E73EFE /* Products */,
			);
			sourceTree = "<group>";
		};
		D7029C722696928400E73EFE /* Products */ = {
			isa = PBXGroup;
			children = (
				D7029C712696928400E73EFE /* Pryaniky.app */,
			);
			name = Products;
			sourceTree = "<group>";
		};
		D7029C732696928400E73EFE /* Pryaniky */ = {
			isa = PBXGroup;
			children = (
				D712FE29269AB443004E9CE3 /* API */,
				D72998682697FDDC00500111 /* Model */,
				D72998692697FDEE00500111 /* View */,
				D729986A2697FDF500500111 /* Controller */,
				D729986F269800FF00500111 /* Utils */,
				D7029C742696928400E73EFE /* AppDelegate.swift */,
				D7029C762696928400E73EFE /* SceneDelegate.swift */,
				D7029C7D2696928B00E73EFE /* Assets.xcassets */,
				D7029C7F2696928B00E73EFE /* LaunchScreen.storyboard */,
				D7029C822696928B00E73EFE /* Info.plist */,
			);
			path = Pryaniky;
			sourceTree = "<group>";
		};
		D712FE29269AB443004E9CE3 /* API */ = {
			isa = PBXGroup;
			children = (
				D712FE2A269AB45F004E9CE3 /* NetworkManager.swift */,
				D7DFDC96269BF01D00CE7FA2 /* PresenterManager.swift */,
			);
			path = API;
			sourceTree = "<group>";
		};
		D72998682697FDDC00500111 /* Model */ = {
			isa = PBXGroup;
			children = (
				D7DFDC98269BF74700CE7FA2 /* Pryanik.swift */,
				D72998722698019700500111 /* HZ.swift */,
				D7299874269801C500500111 /* Picture.swift */,
				D72998782698021000500111 /* Selector.swift */,
				D7299876269801D700500111 /* Variant.swift */,
				D729987A2698024900500111 /* DataItem.swift */,
				D729987C2698026800500111 /* JsonData.swift */,
				D729988626981FCA00500111 /* JsonDataType.swift */,
				D712FE2C269ABC1C004E9CE3 /* NetworkError.swift */,
				D7DFDC9A269BFFC600CE7FA2 /* RuntimeError.swift */,
			);
			path = Model;
			sourceTree = "<group>";
		};
		D72998692697FDEE00500111 /* View */ = {
			isa = PBXGroup;
			children = (
				D729987E269814CB00500111 /* ParentCell.swift */,
				D7299880269815CB00500111 /* TextCell.swift */,
				D7299882269819CC00500111 /* PictureCell.swift */,
				D729988426981AC000500111 /* SelectorCell.swift */,
			);
			path = View;
			sourceTree = "<group>";
		};
		D729986A2697FDF500500111 /* Controller */ = {
			isa = PBXGroup;
			children = (
				D729986D2698006B00500111 /* MainTableViewController.swift */,
				D712FE27269AA607004E9CE3 /* InfoViewController.swift */,
			);
			path = Controller;
			sourceTree = "<group>";
		};
		D729986F269800FF00500111 /* Utils */ = {
			isa = PBXGroup;
			children = (
				D72998702698013400500111 /* Constants.swift */,
				D729988826982F3C00500111 /* Extensions.swift */,
			);
			path = Utils;
			sourceTree = "<group>";
		};
/* End PBXGroup section */

/* Begin PBXNativeTarget section */
		D7029C702696928400E73EFE /* Pryaniky */ = {
			isa = PBXNativeTarget;
			buildConfigurationList = D7029C852696928B00E73EFE /* Build configuration list for PBXNativeTarget "Pryaniky" */;
			buildPhases = (
				D7029C6D2696928400E73EFE /* Sources */,
				D7029C6E2696928400E73EFE /* Frameworks */,
				D7029C6F2696928400E73EFE /* Resources */,
			);
			buildRules = (
			);
			dependencies = (
			);
			name = Pryaniky;
			productName = Pryaniky;
			productReference = D7029C712696928400E73EFE /* Pryaniky.app */;
			productType = "com.apple.product-type.application";
		};
/* End PBXNativeTarget section */

/* Begin PBXProject section */
		D7029C692696928400E73EFE /* Project object */ = {
			isa = PBXProject;
			attributes = {
				LastSwiftUpdateCheck = 1250;
				LastUpgradeCheck = 1250;
				TargetAttributes = {
					D7029C702696928400E73EFE = {
						CreatedOnToolsVersion = 12.5.1;
					};
				};
			};
			buildConfigurationList = D7029C6C2696928400E73EFE /* Build configuration list for PBXProject "Pryaniky" */;
			compatibilityVersion = "Xcode 9.3";
			developmentRegion = en;
			hasScannedForEncodings = 0;
			knownRegions = (
				en,
				Base,
			);
			mainGroup = D7029C682696928400E73EFE;
			productRefGroup = D7029C722696928400E73EFE /* Products */;
			projectDirPath = "";
			projectRoot = "";
			targets = (
				D7029C702696928400E73EFE /* Pryaniky */,
			);
		};
/* End PBXProject section */

/* Begin PBXResourcesBuildPhase section */
		D7029C6F2696928400E73EFE /* Resources */ = {
			isa = PBXResourcesBuildPhase;
			buildActionMask = 2147483647;
			files = (
				D7029C812696928B00E73EFE /* LaunchScreen.storyboard in Resources */,
				D7029C7E2696928B00E73EFE /* Assets.xcassets in Resources */,
			);
			runOnlyForDeploymentPostprocessing = 0;
		};
/* End PBXResourcesBuildPhase section */

/* Begin PBXSourcesBuildPhase section */
		D7029C6D2696928400E73EFE /* Sources */ = {
			isa = PBXSourcesBuildPhase;
			buildActionMask = 2147483647;
			files = (
				D712FE2B269AB45F004E9CE3 /* NetworkManager.swift in Sources */,
				D729987B2698024900500111 /* DataItem.swift in Sources */,
				D729987D2698026800500111 /* JsonData.swift in Sources */,
				D7299883269819CC00500111 /* PictureCell.swift in Sources */,
				D72998712698013400500111 /* Constants.swift in Sources */,
				D729986E2698006B00500111 /* MainTableViewController.swift in Sources */,
				D729987F269814CB00500111 /* ParentCell.swift in Sources */,
				D729988726981FCA00500111 /* JsonDataType.swift in Sources */,
				D72998792698021000500111 /* Selector.swift in Sources */,
				D712FE28269AA607004E9CE3 /* InfoViewController.swift in Sources */,
				D7029C752696928400E73EFE /* AppDelegate.swift in Sources */,
				D729988526981AC000500111 /* SelectorCell.swift in Sources */,
				D7299875269801C500500111 /* Picture.swift in Sources */,
				D729988926982F3C00500111 /* Extensions.swift in Sources */,
				D7299877269801D700500111 /* Variant.swift in Sources */,
				D7DFDC9B269BFFC600CE7FA2 /* RuntimeError.swift in Sources */,
				D7DFDC99269BF74700CE7FA2 /* Pryanik.swift in Sources */,
				D7029C772696928400E73EFE /* SceneDelegate.swift in Sources */,
				D7DFDC97269BF01D00CE7FA2 /* PresenterManager.swift in Sources */,
				D7299881269815CC00500111 /* TextCell.swift in Sources */,
				D72998732698019700500111 /* HZ.swift in Sources */,
				D712FE2D269ABC1C004E9CE3 /* NetworkError.swift in Sources */,
			);
			runOnlyForDeploymentPostprocessing = 0;
		};
/* End PBXSourcesBuildPhase section */

/* Begin PBXVariantGroup section */
		D7029C7F2696928B00E73EFE /* LaunchScreen.storyboard */ = {
			isa = PBXVariantGroup;
			children = (
				D7029C802696928B00E73EFE /* Base */,
			);
			name = LaunchScreen.storyboard;
			sourceTree = "<group>";
		};
/* End PBXVariantGroup section */

/* Begin XCBuildConfiguration section */
		D7029C832696928B00E73EFE /* Debug */ = {
			isa = XCBuildConfiguration;
			buildSettings = {
				ALWAYS_SEARCH_USER_PATHS = NO;
				CLANG_ANALYZER_NONNULL = YES;
				CLANG_ANALYZER_NUMBER_OBJECT_CONVERSION = YES_AGGRESSIVE;
				CLANG_CXX_LANGUAGE_STANDARD = "gnu++14";
				CLANG_CXX_LIBRARY = "libc++";
				CLANG_ENABLE_MODULES = YES;
				CLANG_ENABLE_OBJC_ARC = YES;
				CLANG_ENABLE_OBJC_WEAK = YES;
				CLANG_WARN_BLOCK_CAPTURE_AUTORELEASING = YES;
				CLANG_WARN_BOOL_CONVERSION = YES;
				CLANG_WARN_COMMA = YES;
				CLANG_WARN_CONSTANT_CONVERSION = YES;
				CLANG_WARN_DEPRECATED_OBJC_IMPLEMENTATIONS = YES;
				CLANG_WARN_DIRECT_OBJC_ISA_USAGE = YES_ERROR;
				CLANG_WARN_DOCUMENTATION_COMMENTS = YES;
				CLANG_WARN_EMPTY_BODY = YES;
				CLANG_WARN_ENUM_CONVERSION = YES;
				CLANG_WARN_INFINITE_RECURSION = YES;
				CLANG_WARN_INT_CONVERSION = YES;
				CLANG_WARN_NON_LITERAL_NULL_CONVERSION = YES;
				CLANG_WARN_OBJC_IMPLICIT_RETAIN_SELF = YES;
				CLANG_WARN_OBJC_LITERAL_CONVERSION = YES;
				CLANG_WARN_OBJC_ROOT_CLASS = YES_ERROR;
				CLANG_WARN_QUOTED_INCLUDE_IN_FRAMEWORK_HEADER = YES;
				CLANG_WARN_RANGE_LOOP_ANALYSIS = YES;
				CLANG_WARN_STRICT_PROTOTYPES = YES;
				CLANG_WARN_SUSPICIOUS_MOVE = YES;
				CLANG_WARN_UNGUARDED_AVAILABILITY = YES_AGGRESSIVE;
				CLANG_WARN_UNREACHABLE_CODE = YES;
				CLANG_WARN__DUPLICATE_METHOD_MATCH = YES;
				COPY_PHASE_STRIP = NO;
				DEBUG_INFORMATION_FORMAT = dwarf;
				ENABLE_STRICT_OBJC_MSGSEND = YES;
				ENABLE_TESTABILITY = YES;
				GCC_C_LANGUAGE_STANDARD = gnu11;
				GCC_DYNAMIC_NO_PIC = NO;
				GCC_NO_COMMON_BLOCKS = YES;
				GCC_OPTIMIZATION_LEVEL = 0;
				GCC_PREPROCESSOR_DEFINITIONS = (
					"DEBUG=1",
					"$(inherited)",
				);
				GCC_WARN_64_TO_32_BIT_CONVERSION = YES;
				GCC_WARN_ABOUT_RETURN_TYPE = YES_ERROR;
				GCC_WARN_UNDECLARED_SELECTOR = YES;
				GCC_WARN_UNINITIALIZED_AUTOS = YES_AGGRESSIVE;
				GCC_WARN_UNUSED_FUNCTION = YES;
				GCC_WARN_UNUSED_VARIABLE = YES;
				IPHONEOS_DEPLOYMENT_TARGET = 14.5;
				MTL_ENABLE_DEBUG_INFO = INCLUDE_SOURCE;
				MTL_FAST_MATH = YES;
				ONLY_ACTIVE_ARCH = YES;
				SDKROOT = iphoneos;
				SWIFT_ACTIVE_COMPILATION_CONDITIONS = DEBUG;
				SWIFT_OPTIMIZATION_LEVEL = "-Onone";
			};
			name = Debug;
		};
		D7029C842696928B00E73EFE /* Release */ = {
			isa = XCBuildConfiguration;
			buildSettings = {
				ALWAYS_SEARCH_USER_PATHS = NO;
				CLANG_ANALYZER_NONNULL = YES;
				CLANG_ANALYZER_NUMBER_OBJECT_CONVERSION = YES_AGGRESSIVE;
				CLANG_CXX_LANGUAGE_STANDARD = "gnu++14";
				CLANG_CXX_LIBRARY = "libc++";
				CLANG_ENABLE_MODULES = YES;
				CLANG_ENABLE_OBJC_ARC = YES;
				CLANG_ENABLE_OBJC_WEAK = YES;
				CLANG_WARN_BLOCK_CAPTURE_AUTORELEASING = YES;
				CLANG_WARN_BOOL_CONVERSION = YES;
				CLANG_WARN_COMMA = YES;
				CLANG_WARN_CONSTANT_CONVERSION = YES;
				CLANG_WARN_DEPRECATED_OBJC_IMPLEMENTATIONS = YES;
				CLANG_WARN_DIRECT_OBJC_ISA_USAGE = YES_ERROR;
				CLANG_WARN_DOCUMENTATION_COMMENTS = YES;
				CLANG_WARN_EMPTY_BODY = YES;
				CLANG_WARN_ENUM_CONVERSION = YES;
				CLANG_WARN_INFINITE_RECURSION = YES;
				CLANG_WARN_INT_CONVERSION = YES;
				CLANG_WARN_NON_LITERAL_NULL_CONVERSION = YES;
				CLANG_WARN_OBJC_IMPLICIT_RETAIN_SELF = YES;
				CLANG_WARN_OBJC_LITERAL_CONVERSION = YES;
				CLANG_WARN_OBJC_ROOT_CLASS = YES_ERROR;
				CLANG_WARN_QUOTED_INCLUDE_IN_FRAMEWORK_HEADER = YES;
				CLANG_WARN_RANGE_LOOP_ANALYSIS = YES;
				CLANG_WARN_STRICT_PROTOTYPES = YES;
				CLANG_WARN_SUSPICIOUS_MOVE = YES;
				CLANG_WARN_UNGUARDED_AVAILABILITY = YES_AGGRESSIVE;
				CLANG_WARN_UNREACHABLE_CODE = YES;
				CLANG_WARN__DUPLICATE_METHOD_MATCH = YES;
				COPY_PHASE_STRIP = NO;
				DEBUG_INFORMATION_FORMAT = "dwarf-with-dsym";
				ENABLE_NS_ASSERTIONS = NO;
				ENABLE_STRICT_OBJC_MSGSEND = YES;
				GCC_C_LANGUAGE_STANDARD = gnu11;
				GCC_NO_COMMON_BLOCKS = YES;
				GCC_WARN_64_TO_32_BIT_CONVERSION = YES;
				GCC_WARN_ABOUT_RETURN_TYPE = YES_ERROR;
				GCC_WARN_UNDECLARED_SELECTOR = YES;
				GCC_WARN_UNINITIALIZED_AUTOS = YES_AGGRESSIVE;
				GCC_WARN_UNUSED_FUNCTION = YES;
				GCC_WARN_UNUSED_VARIABLE = YES;
				IPHONEOS_DEPLOYMENT_TARGET = 14.5;
				MTL_ENABLE_DEBUG_INFO = NO;
				MTL_FAST_MATH = YES;
				SDKROOT = iphoneos;
				SWIFT_COMPILATION_MODE = wholemodule;
				SWIFT_OPTIMIZATION_LEVEL = "-O";
				VALIDATE_PRODUCT = YES;
			};
			name = Release;
		};
		D7029C862696928B00E73EFE /* Debug */ = {
			isa = XCBuildConfiguration;
			buildSettings = {
				ASSETCATALOG_COMPILER_APPICON_NAME = AppIcon;
				ASSETCATALOG_COMPILER_GLOBAL_ACCENT_COLOR_NAME = AccentColor;
				CODE_SIGN_STYLE = Automatic;
				DEVELOPMENT_TEAM = 973295K87L;
				INFOPLIST_FILE = Pryaniky/Info.plist;
				LD_RUNPATH_SEARCH_PATHS = (
					"$(inherited)",
					"@executable_path/Frameworks",
				);
				PRODUCT_BUNDLE_IDENTIFIER = com.motodolphin.Pryaniky;
				PRODUCT_NAME = "$(TARGET_NAME)";
				SWIFT_VERSION = 5.0;
				TARGETED_DEVICE_FAMILY = 1;
			};
			name = Debug;
		};
		D7029C872696928B00E73EFE /* Release */ = {
			isa = XCBuildConfiguration;
			buildSettings = {
				ASSETCATALOG_COMPILER_APPICON_NAME = AppIcon;
				ASSETCATALOG_COMPILER_GLOBAL_ACCENT_COLOR_NAME = AccentColor;
				CODE_SIGN_STYLE = Automatic;
				DEVELOPMENT_TEAM = 973295K87L;
				INFOPLIST_FILE = Pryaniky/Info.plist;
				LD_RUNPATH_SEARCH_PATHS = (
					"$(inherited)",
					"@executable_path/Frameworks",
				);
				PRODUCT_BUNDLE_IDENTIFIER = com.motodolphin.Pryaniky;
				PRODUCT_NAME = "$(TARGET_NAME)";
				SWIFT_VERSION = 5.0;
				TARGETED_DEVICE_FAMILY = 1;
			};
			name = Release;
		};
/* End XCBuildConfiguration section */

/* Begin XCConfigurationList section */
		D7029C6C2696928400E73EFE /* Build configuration list for PBXProject "Pryaniky" */ = {
			isa = XCConfigurationList;
			buildConfigurations = (
				D7029C832696928B00E73EFE /* Debug */,
				D7029C842696928B00E73EFE /* Release */,
			);
			defaultConfigurationIsVisible = 0;
			defaultConfigurationName = Release;
		};
		D7029C852696928B00E73EFE /* Build configuration list for PBXNativeTarget "Pryaniky" */ = {
			isa = XCConfigurationList;
			buildConfigurations = (
				D7029C862696928B00E73EFE /* Debug */,
				D7029C872696928B00E73EFE /* Release */,
			);
			defaultConfigurationIsVisible = 0;
			defaultConfigurationName = Release;
		};
/* End XCConfigurationList section */
	};
	rootObject = D7029C692696928400E73EFE /* Project object */;
}
